
Microsoft Visual Studio Solution File, Format Version 11.00
# Visual Studio 2010
Project("{FAE04EC0-301F-11D3-BF4B-00C04F79EFBC}") = "Mvc3StructureMapIoc", "Mvc3StructureMapIoc\Mvc3StructureMapIoc.csproj", "{9F779913-FAAA-444F-8038-A847F01FF4F0}"
EndProject
Project("{FAE04EC0-301F-11D3-BF4B-00C04F79EFBC}") = "SampleWebsite", "SampleWebsite\SampleWebsite.csproj", "{F08EA4F9-B913-437B-BC4A-2438FA2FCF12}"
EndProject
Global
	GlobalSection(SolutionConfigurationPlatforms) = preSolution
		Debug|Any CPU = Debug|Any CPU
		Release|Any CPU = Release|Any CPU
	EndGlobalSection
	GlobalSection(ProjectConfigurationPlatforms) = postSolution
		{9F779913-FAAA-444F-8038-A847F01FF4F0}.Debug|Any CPU.ActiveCfg = Debug|Any CPU
		{9F779913-FAAA-444F-8038-A847F01FF4F0}.Debug|Any CPU.Build.0 = Debug|Any CPU
		{9F779913-FAAA-444F-8038-A847F01FF4F0}.Release|Any CPU.ActiveCfg = Release|Any CPU
		{9F779913-FAAA-444F-8038-A847F01FF4F0}.Release|Any CPU.Build.0 = Release|Any CPU
		{F08EA4F9-B913-437B-BC4A-2438FA2FCF12}.Debug|Any CPU.ActiveCfg = Debug|Any CPU
		{F08EA4F9-B913-437B-BC4A-2438FA2FCF12}.Debug|Any CPU.Build.0 = Debug|Any CPU
		{F08EA4F9-B913-437B-BC4A-2438FA2FCF12}.Release|Any CPU.ActiveCfg = Release|Any CPU
		{F08EA4F9-B913-437B-BC4A-2438FA2FCF12}.Release|Any CPU.Build.0 = Release|Any CPU
	EndGlobalSection
	GlobalSection(SolutionProperties) = preSolution
		HideSolutionNode = FALSE
	EndGlobalSection
EndGlobal
